
Microsoft Visual Studio Solution File, Format Version 12.00
# Visual Studio 15
VisualStudioVersion = 15.0.27130.2010
MinimumVisualStudioVersion = 10.0.40219.1
Project("{FAE04EC0-301F-11D3-BF4B-00C04F79EFBC}") = "FamilyMenu", "FamilyMenu\FamilyMenu.csproj", "{121A60DE-0958-4AE3-B601-A2011EB7A26D}"
EndProject
Project("{FAE04EC0-301F-11D3-BF4B-00C04F79EFBC}") = "FamilyMenu.iOS", "iOS\FamilyMenu.iOS.csproj", "{D82827B0-AAEA-4E72-B233-110AF869DA61}"
EndProject
Project("{2150E333-8FDC-42A3-9474-1A3956D46DE8}") = ".nuget", ".nuget", "{D3E98A97-0DCB-4DA2-9D11-CF9CBB431DAB}"
	ProjectSection(SolutionItems) = preProject
		.nuget\packages.config = .nuget\packages.config
	EndProjectSection
EndProject
Project("{FAE04EC0-301F-11D3-BF4B-00C04F79EFBC}") = "FamilyMenu.Droid", "Droid\FamilyMenu.Droid.csproj", "{0EF25CE6-A881-4821-899C-53E268294370}"
EndProject
Project("{FAE04EC0-301F-11D3-BF4B-00C04F79EFBC}") = "FamilyMenu.UWP", "UWP\FamilyMenu.UWP.csproj", "{98A4888F-7A8D-4821-9C60-5DC823061481}"
EndProject
Global
	GlobalSection(SolutionConfigurationPlatforms) = preSolution
		Ad-Hoc|Any CPU = Ad-Hoc|Any CPU
		Ad-Hoc|ARM = Ad-Hoc|ARM
		Ad-Hoc|iPhone = Ad-Hoc|iPhone
		Ad-Hoc|iPhoneSimulator = Ad-Hoc|iPhoneSimulator
		Ad-Hoc|x64 = Ad-Hoc|x64
		Ad-Hoc|x86 = Ad-Hoc|x86
		AppStore|Any CPU = AppStore|Any CPU
		AppStore|ARM = AppStore|ARM
		AppStore|iPhone = AppStore|iPhone
		AppStore|iPhoneSimulator = AppStore|iPhoneSimulator
		AppStore|x64 = AppStore|x64
		AppStore|x86 = AppStore|x86
		Debug|Any CPU = Debug|Any CPU
		Debug|ARM = Debug|ARM
		Debug|iPhone = Debug|iPhone
		Debug|iPhoneSimulator = Debug|iPhoneSimulator
		Debug|x64 = Debug|x64
		Debug|x86 = Debug|x86
		Release|Any CPU = Release|Any CPU
		Release|ARM = Release|ARM
		Release|iPhone = Release|iPhone
		Release|iPhoneSimulator = Release|iPhoneSimulator
		Release|x64 = Release|x64
		Release|x86 = Release|x86
	EndGlobalSection
	GlobalSection(ProjectConfigurationPlatforms) = postSolution
		{121A60DE-0958-4AE3-B601-A2011EB7A26D}.Ad-Hoc|Any CPU.ActiveCfg = Release|Any CPU
		{121A60DE-0958-4AE3-B601-A2011EB7A26D}.Ad-Hoc|Any CPU.Build.0 = Release|Any CPU
		{121A60DE-0958-4AE3-B601-A2011EB7A26D}.Ad-Hoc|ARM.ActiveCfg = Debug|Any CPU
		{121A60DE-0958-4AE3-B601-A2011EB7A26D}.Ad-Hoc|ARM.Build.0 = Debug|Any CPU
		{121A60DE-0958-4AE3-B601-A2011EB7A26D}.Ad-Hoc|iPhone.ActiveCfg = Debug|Any CPU
		{121A60DE-0958-4AE3-B601-A2011EB7A26D}.Ad-Hoc|iPhone.Build.0 = Debug|Any CPU
		{121A60DE-0958-4AE3-B601-A2011EB7A26D}.Ad-Hoc|iPhoneSimulator.ActiveCfg = Release|Any CPU
		{121A60DE-0958-4AE3-B601-A2011EB7A26D}.Ad-Hoc|x64.ActiveCfg = Debug|Any CPU
		{121A60DE-0958-4AE3-B601-A2011EB7A26D}.Ad-Hoc|x64.Build.0 = Debug|Any CPU
		{121A60DE-0958-4AE3-B601-A2011EB7A26D}.Ad-Hoc|x86.ActiveCfg = Debug|Any CPU
		{121A60DE-0958-4AE3-B601-A2011EB7A26D}.Ad-Hoc|x86.Build.0 = Debug|Any CPU
		{121A60DE-0958-4AE3-B601-A2011EB7A26D}.AppStore|Any CPU.ActiveCfg = Debug|Any CPU
		{121A60DE-0958-4AE3-B601-A2011EB7A26D}.AppStore|Any CPU.Build.0 = Debug|Any CPU
		{121A60DE-0958-4AE3-B601-A2011EB7A26D}.AppStore|ARM.ActiveCfg = Release|ARM
		{121A60DE-0958-4AE3-B601-A2011EB7A26D}.AppStore|ARM.Build.0 = Release|ARM
		{121A60DE-0958-4AE3-B601-A2011EB7A26D}.AppStore|iPhone.ActiveCfg = Debug|Any CPU
		{121A60DE-0958-4AE3-B601-A2011EB7A26D}.AppStore|iPhone.Build.0 = Debug|Any CPU
		{121A60DE-0958-4AE3-B601-A2011EB7A26D}.AppStore|iPhoneSimulator.ActiveCfg = Debug|Any CPU
		{121A60DE-0958-4AE3-B601-A2011EB7A26D}.AppStore|iPhoneSimulator.Build.0 = Debug|Any CPU
		{121A60DE-0958-4AE3-B601-A2011EB7A26D}.AppStore|x64.ActiveCfg = Debug|Any CPU
		{121A60DE-0958-4AE3-B601-A2011EB7A26D}.AppStore|x64.Build.0 = Debug|Any CPU
		{121A60DE-0958-4AE3-B601-A2011EB7A26D}.AppStore|x86.ActiveCfg = Debug|Any CPU
		{121A60DE-0958-4AE3-B601-A2011EB7A26D}.AppStore|x86.Build.0 = Debug|Any CPU
		{121A60DE-0958-4AE3-B601-A2011EB7A26D}.Debug|Any CPU.ActiveCfg = Debug|Any CPU
		{121A60DE-0958-4AE3-B601-A2011EB7A26D}.Debug|Any CPU.Build.0 = Debug|Any CPU
		{121A60DE-0958-4AE3-B601-A2011EB7A26D}.Debug|ARM.ActiveCfg = Debug|Any CPU
		{121A60DE-0958-4AE3-B601-A2011EB7A26D}.Debug|ARM.Build.0 = Debug|Any CPU
		{121A60DE-0958-4AE3-B601-A2011EB7A26D}.Debug|iPhone.ActiveCfg = Debug|Any CPU
		{121A60DE-0958-4AE3-B601-A2011EB7A26D}.Debug|iPhone.Build.0 = Debug|Any CPU
		{121A60DE-0958-4AE3-B601-A2011EB7A26D}.Debug|iPhoneSimulator.ActiveCfg = Debug|Any CPU
		{121A60DE-0958-4AE3-B601-A2011EB7A26D}.Debug|iPhoneSimulator.Build.0 = Debug|Any CPU
		{121A60DE-0958-4AE3-B601-A2011EB7A26D}.Debug|x64.ActiveCfg = Debug|Any CPU
		{121A60DE-0958-4AE3-B601-A2011EB7A26D}.Debug|x64.Build.0 = Debug|Any CPU
		{121A60DE-0958-4AE3-B601-A2011EB7A26D}.Debug|x86.ActiveCfg = Debug|Any CPU
		{121A60DE-0958-4AE3-B601-A2011EB7A26D}.Debug|x86.Build.0 = Debug|Any CPU
		{121A60DE-0958-4AE3-B601-A2011EB7A26D}.Release|Any CPU.ActiveCfg = Release|Any CPU
		{121A60DE-0958-4AE3-B601-A2011EB7A26D}.Release|Any CPU.Build.0 = Release|Any CPU
		{121A60DE-0958-4AE3-B601-A2011EB7A26D}.Release|ARM.ActiveCfg = Release|Any CPU
		{121A60DE-0958-4AE3-B601-A2011EB7A26D}.Release|ARM.Build.0 = Release|Any CPU
		{121A60DE-0958-4AE3-B601-A2011EB7A26D}.Release|iPhone.ActiveCfg = Release|Any CPU
		{121A60DE-0958-4AE3-B601-A2011EB7A26D}.Release|iPhone.Build.0 = Release|Any CPU
		{121A60DE-0958-4AE3-B601-A2011EB7A26D}.Release|iPhoneSimulator.ActiveCfg = Release|Any CPU
		{121A60DE-0958-4AE3-B601-A2011EB7A26D}.Release|iPhoneSimulator.Build.0 = Release|Any CPU
		{121A60DE-0958-4AE3-B601-A2011EB7A26D}.Release|x64.ActiveCfg = Release|Any CPU
		{121A60DE-0958-4AE3-B601-A2011EB7A26D}.Release|x64.Build.0 = Release|Any CPU
		{121A60DE-0958-4AE3-B601-A2011EB7A26D}.Release|x86.ActiveCfg = Release|Any CPU
		{121A60DE-0958-4AE3-B601-A2011EB7A26D}.Release|x86.Build.0 = Release|Any CPU
		{D82827B0-AAEA-4E72-B233-110AF869DA61}.Ad-Hoc|Any CPU.ActiveCfg = Ad-Hoc|iPhone
		{D82827B0-AAEA-4E72-B233-110AF869DA61}.Ad-Hoc|ARM.ActiveCfg = Ad-Hoc|iPhone
		{D82827B0-AAEA-4E72-B233-110AF869DA61}.Ad-Hoc|iPhone.ActiveCfg = Ad-Hoc|iPhone
		{D82827B0-AAEA-4E72-B233-110AF869DA61}.Ad-Hoc|iPhone.Build.0 = Ad-Hoc|iPhone
		{D82827B0-AAEA-4E72-B233-110AF869DA61}.Ad-Hoc|iPhoneSimulator.ActiveCfg = Ad-Hoc|iPhone
		{D82827B0-AAEA-4E72-B233-110AF869DA61}.Ad-Hoc|x64.ActiveCfg = Ad-Hoc|iPhoneSimulator
		{D82827B0-AAEA-4E72-B233-110AF869DA61}.Ad-Hoc|x86.ActiveCfg = Ad-Hoc|iPhone
		{D82827B0-AAEA-4E72-B233-110AF869DA61}.AppStore|Any CPU.ActiveCfg = Ad-Hoc|iPhoneSimulator
		{D82827B0-AAEA-4E72-B233-110AF869DA61}.AppStore|Any CPU.Build.0 = Ad-Hoc|iPhoneSimulator
		{D82827B0-AAEA-4E72-B233-110AF869DA61}.AppStore|ARM.ActiveCfg = Ad-Hoc|iPhoneSimulator
		{D82827B0-AAEA-4E72-B233-110AF869DA61}.AppStore|ARM.Build.0 = Ad-Hoc|iPhoneSimulator
		{D82827B0-AAEA-4E72-B233-110AF869DA61}.AppStore|iPhone.ActiveCfg = Ad-Hoc|iPhone
		{D82827B0-AAEA-4E72-B233-110AF869DA61}.AppStore|iPhone.Build.0 = Ad-Hoc|iPhone
		{D82827B0-AAEA-4E72-B233-110AF869DA61}.AppStore|iPhoneSimulator.ActiveCfg = Ad-Hoc|iPhoneSimulator
		{D82827B0-AAEA-4E72-B233-110AF869DA61}.AppStore|iPhoneSimulator.Build.0 = Ad-Hoc|iPhoneSimulator
		{D82827B0-AAEA-4E72-B233-110AF869DA61}.AppStore|x64.ActiveCfg = Release|iPhone
		{D82827B0-AAEA-4E72-B233-110AF869DA61}.AppStore|x64.Build.0 = Release|iPhone
		{D82827B0-AAEA-4E72-B233-110AF869DA61}.AppStore|x86.ActiveCfg = Ad-Hoc|iPhoneSimulator
		{D82827B0-AAEA-4E72-B233-110AF869DA61}.AppStore|x86.Build.0 = Ad-Hoc|iPhoneSimulator
		{D82827B0-AAEA-4E72-B233-110AF869DA61}.Debug|Any CPU.ActiveCfg = Debug|iPhoneSimulator
		{D82827B0-AAEA-4E72-B233-110AF869DA61}.Debug|Any CPU.Build.0 = Debug|iPhoneSimulator
		{D82827B0-AAEA-4E72-B233-110AF869DA61}.Debug|ARM.ActiveCfg = Debug|iPhone
		{D82827B0-AAEA-4E72-B233-110AF869DA61}.Debug|iPhone.ActiveCfg = Debug|iPhone
		{D82827B0-AAEA-4E72-B233-110AF869DA61}.Debug|iPhone.Build.0 = Debug|iPhone
		{D82827B0-AAEA-4E72-B233-110AF869DA61}.Debug|iPhoneSimulator.ActiveCfg = Debug|iPhone
		{D82827B0-AAEA-4E72-B233-110AF869DA61}.Debug|iPhoneSimulator.Build.0 = Debug|iPhone
		{D82827B0-AAEA-4E72-B233-110AF869DA61}.Debug|x64.ActiveCfg = Debug|iPhone
		{D82827B0-AAEA-4E72-B233-110AF869DA61}.Debug|x86.ActiveCfg = Debug|iPhone
		{D82827B0-AAEA-4E72-B233-110AF869DA61}.Release|Any CPU.ActiveCfg = Release|iPhoneSimulator
		{D82827B0-AAEA-4E72-B233-110AF869DA61}.Release|Any CPU.Build.0 = Release|iPhoneSimulator
		{D82827B0-AAEA-4E72-B233-110AF869DA61}.Release|ARM.ActiveCfg = Release|iPhone
		{D82827B0-AAEA-4E72-B233-110AF869DA61}.Release|iPhone.ActiveCfg = Release|iPhone
		{D82827B0-AAEA-4E72-B233-110AF869DA61}.Release|iPhone.Build.0 = Release|iPhone
		{D82827B0-AAEA-4E72-B233-110AF869DA61}.Release|iPhoneSimulator.ActiveCfg = Release|iPhoneSimulator
		{D82827B0-AAEA-4E72-B233-110AF869DA61}.Release|iPhoneSimulator.Build.0 = Release|iPhoneSimulator
		{D82827B0-AAEA-4E72-B233-110AF869DA61}.Release|x64.ActiveCfg = Release|iPhone
		{D82827B0-AAEA-4E72-B233-110AF869DA61}.Release|x86.ActiveCfg = Release|iPhone
		{0EF25CE6-A881-4821-899C-53E268294370}.Ad-Hoc|Any CPU.ActiveCfg = Release|Any CPU
		{0EF25CE6-A881-4821-899C-53E268294370}.Ad-Hoc|Any CPU.Build.0 = Release|Any CPU
		{0EF25CE6-A881-4821-899C-53E268294370}.Ad-Hoc|ARM.ActiveCfg = Release|Any CPU
		{0EF25CE6-A881-4821-899C-53E268294370}.Ad-Hoc|ARM.Build.0 = Release|Any CPU
		{0EF25CE6-A881-4821-899C-53E268294370}.Ad-Hoc|iPhone.ActiveCfg = Release|Any CPU
		{0EF25CE6-A881-4821-899C-53E268294370}.Ad-Hoc|iPhone.Build.0 = Release|Any CPU
		{0EF25CE6-A881-4821-899C-53E268294370}.Ad-Hoc|iPhoneSimulator.ActiveCfg = Release|Any CPU
		{0EF25CE6-A881-4821-899C-53E268294370}.Ad-Hoc|iPhoneSimulator.Build.0 = Release|Any CPU
		{0EF25CE6-A881-4821-899C-53E268294370}.Ad-Hoc|x64.ActiveCfg = Debug|Any CPU
		{0EF25CE6-A881-4821-899C-53E268294370}.Ad-Hoc|x64.Build.0 = Debug|Any CPU
		{0EF25CE6-A881-4821-899C-53E268294370}.Ad-Hoc|x64.Deploy.0 = Debug|Any CPU
		{0EF25CE6-A881-4821-899C-53E268294370}.Ad-Hoc|x86.ActiveCfg = Release|Any CPU
		{0EF25CE6-A881-4821-899C-53E268294370}.Ad-Hoc|x86.Build.0 = Release|Any CPU
		{0EF25CE6-A881-4821-899C-53E268294370}.AppStore|Any CPU.ActiveCfg = Release|Any CPU
		{0EF25CE6-A881-4821-899C-53E268294370}.AppStore|Any CPU.Build.0 = Release|Any CPU
		{0EF25CE6-A881-4821-899C-53E268294370}.AppStore|ARM.ActiveCfg = Release|Any CPU
		{0EF25CE6-A881-4821-899C-53E268294370}.AppStore|ARM.Build.0 = Release|Any CPU
		{0EF25CE6-A881-4821-899C-53E268294370}.AppStore|iPhone.ActiveCfg = Release|Any CPU
		{0EF25CE6-A881-4821-899C-53E268294370}.AppStore|iPhone.Build.0 = Release|Any CPU
		{0EF25CE6-A881-4821-899C-53E268294370}.AppStore|iPhoneSimulator.ActiveCfg = Release|Any CPU
		{0EF25CE6-A881-4821-899C-53E268294370}.AppStore|iPhoneSimulator.Build.0 = Release|Any CPU
		{0EF25CE6-A881-4821-899C-53E268294370}.AppStore|x64.ActiveCfg = Debug|Any CPU
		{0EF25CE6-A881-4821-899C-53E268294370}.AppStore|x64.Build.0 = Debug|Any CPU
		{0EF25CE6-A881-4821-899C-53E268294370}.AppStore|x64.Deploy.0 = Debug|Any CPU
		{0EF25CE6-A881-4821-899C-53E268294370}.AppStore|x86.ActiveCfg = Release|Any CPU
		{0EF25CE6-A881-4821-899C-53E268294370}.AppStore|x86.Build.0 = Release|Any CPU
		{0EF25CE6-A881-4821-899C-53E268294370}.Debug|Any CPU.ActiveCfg = Debug|Any CPU
		{0EF25CE6-A881-4821-899C-53E268294370}.Debug|Any CPU.Build.0 = Debug|Any CPU
		{0EF25CE6-A881-4821-899C-53E268294370}.Debug|Any CPU.Deploy.0 = Debug|Any CPU
		{0EF25CE6-A881-4821-899C-53E268294370}.Debug|ARM.ActiveCfg = Debug|Any CPU
		{0EF25CE6-A881-4821-899C-53E268294370}.Debug|ARM.Build.0 = Debug|Any CPU
		{0EF25CE6-A881-4821-899C-53E268294370}.Debug|iPhone.ActiveCfg = Debug|Any CPU
		{0EF25CE6-A881-4821-899C-53E268294370}.Debug|iPhone.Build.0 = Debug|Any CPU
		{0EF25CE6-A881-4821-899C-53E268294370}.Debug|iPhoneSimulator.ActiveCfg = Debug|Any CPU
		{0EF25CE6-A881-4821-899C-53E268294370}.Debug|iPhoneSimulator.Build.0 = Debug|Any CPU
		{0EF25CE6-A881-4821-899C-53E268294370}.Debug|x64.ActiveCfg = Debug|Any CPU
		{0EF25CE6-A881-4821-899C-53E268294370}.Debug|x64.Build.0 = Debug|Any CPU
		{0EF25CE6-A881-4821-899C-53E268294370}.Debug|x64.Deploy.0 = Debug|Any CPU
		{0EF25CE6-A881-4821-899C-53E268294370}.Debug|x86.ActiveCfg = Debug|Any CPU
		{0EF25CE6-A881-4821-899C-53E268294370}.Debug|x86.Build.0 = Debug|Any CPU
		{0EF25CE6-A881-4821-899C-53E268294370}.Debug|x86.Deploy.0 = Debug|Any CPU
		{0EF25CE6-A881-4821-899C-53E268294370}.Release|Any CPU.ActiveCfg = Release|Any CPU
		{0EF25CE6-A881-4821-899C-53E268294370}.Release|Any CPU.Build.0 = Release|Any CPU
		{0EF25CE6-A881-4821-899C-53E268294370}.Release|ARM.ActiveCfg = Release|Any CPU
		{0EF25CE6-A881-4821-899C-53E268294370}.Release|ARM.Build.0 = Release|Any CPU
		{0EF25CE6-A881-4821-899C-53E268294370}.Release|iPhone.ActiveCfg = Release|Any CPU
		{0EF25CE6-A881-4821-899C-53E268294370}.Release|iPhone.Build.0 = Release|Any CPU
		{0EF25CE6-A881-4821-899C-53E268294370}.Release|iPhoneSimulator.ActiveCfg = Release|Any CPU
		{0EF25CE6-A881-4821-899C-53E268294370}.Release|iPhoneSimulator.Build.0 = Release|Any CPU
		{0EF25CE6-A881-4821-899C-53E268294370}.Release|x64.ActiveCfg = Release|Any CPU
		{0EF25CE6-A881-4821-899C-53E268294370}.Release|x64.Build.0 = Release|Any CPU
		{0EF25CE6-A881-4821-899C-53E268294370}.Release|x64.Deploy.0 = Release|Any CPU
		{0EF25CE6-A881-4821-899C-53E268294370}.Release|x86.ActiveCfg = Release|Any CPU
		{0EF25CE6-A881-4821-899C-53E268294370}.Release|x86.Build.0 = Release|Any CPU
		{98A4888F-7A8D-4821-9C60-5DC823061481}.Ad-Hoc|Any CPU.ActiveCfg = Release|x64
		{98A4888F-7A8D-4821-9C60-5DC823061481}.Ad-Hoc|Any CPU.Build.0 = Release|x64
		{98A4888F-7A8D-4821-9C60-5DC823061481}.Ad-Hoc|Any CPU.Deploy.0 = Release|x64
		{98A4888F-7A8D-4821-9C60-5DC823061481}.Ad-Hoc|ARM.ActiveCfg = Release|ARM
		{98A4888F-7A8D-4821-9C60-5DC823061481}.Ad-Hoc|ARM.Build.0 = Release|ARM
		{98A4888F-7A8D-4821-9C60-5DC823061481}.Ad-Hoc|ARM.Deploy.0 = Release|ARM
		{98A4888F-7A8D-4821-9C60-5DC823061481}.Ad-Hoc|iPhone.ActiveCfg = Release|x64
		{98A4888F-7A8D-4821-9C60-5DC823061481}.Ad-Hoc|iPhone.Build.0 = Release|x64
		{98A4888F-7A8D-4821-9C60-5DC823061481}.Ad-Hoc|iPhone.Deploy.0 = Release|x64
		{98A4888F-7A8D-4821-9C60-5DC823061481}.Ad-Hoc|iPhoneSimulator.ActiveCfg = Release|x64
		{98A4888F-7A8D-4821-9C60-5DC823061481}.Ad-Hoc|iPhoneSimulator.Build.0 = Release|x64
		{98A4888F-7A8D-4821-9C60-5DC823061481}.Ad-Hoc|iPhoneSimulator.Deploy.0 = Release|x64
		{98A4888F-7A8D-4821-9C60-5DC823061481}.Ad-Hoc|x64.ActiveCfg = Release|x64
		{98A4888F-7A8D-4821-9C60-5DC823061481}.Ad-Hoc|x64.Build.0 = Release|x64
		{98A4888F-7A8D-4821-9C60-5DC823061481}.Ad-Hoc|x64.Deploy.0 = Release|x64
		{98A4888F-7A8D-4821-9C60-5DC823061481}.Ad-Hoc|x86.ActiveCfg = Release|x86
		{98A4888F-7A8D-4821-9C60-5DC823061481}.Ad-Hoc|x86.Build.0 = Release|x86
		{98A4888F-7A8D-4821-9C60-5DC823061481}.Ad-Hoc|x86.Deploy.0 = Release|x86
		{98A4888F-7A8D-4821-9C60-5DC823061481}.AppStore|Any CPU.ActiveCfg = Release|x64
		{98A4888F-7A8D-4821-9C60-5DC823061481}.AppStore|Any CPU.Build.0 = Release|x64
		{98A4888F-7A8D-4821-9C60-5DC823061481}.AppStore|Any CPU.Deploy.0 = Release|x64
		{98A4888F-7A8D-4821-9C60-5DC823061481}.AppStore|ARM.ActiveCfg = Release|ARM
		{98A4888F-7A8D-4821-9C60-5DC823061481}.AppStore|ARM.Build.0 = Release|ARM
		{98A4888F-7A8D-4821-9C60-5DC823061481}.AppStore|ARM.Deploy.0 = Release|ARM
		{98A4888F-7A8D-4821-9C60-5DC823061481}.AppStore|iPhone.ActiveCfg = Release|x64
		{98A4888F-7A8D-4821-9C60-5DC823061481}.AppStore|iPhone.Build.0 = Release|x64
		{98A4888F-7A8D-4821-9C60-5DC823061481}.AppStore|iPhone.Deploy.0 = Release|x64
		{98A4888F-7A8D-4821-9C60-5DC823061481}.AppStore|iPhoneSimulator.ActiveCfg = Release|x64
		{98A4888F-7A8D-4821-9C60-5DC823061481}.AppStore|iPhoneSimulator.Build.0 = Release|x64
		{98A4888F-7A8D-4821-9C60-5DC823061481}.AppStore|iPhoneSimulator.Deploy.0 = Release|x64
		{98A4888F-7A8D-4821-9C60-5DC823061481}.AppStore|x64.ActiveCfg = Release|x64
		{98A4888F-7A8D-4821-9C60-5DC823061481}.AppStore|x64.Build.0 = Release|x64
		{98A4888F-7A8D-4821-9C60-5DC823061481}.AppStore|x64.Deploy.0 = Release|x64
		{98A4888F-7A8D-4821-9C60-5DC823061481}.AppStore|x86.ActiveCfg = Release|x86
		{98A4888F-7A8D-4821-9C60-5DC823061481}.AppStore|x86.Build.0 = Release|x86
		{98A4888F-7A8D-4821-9C60-5DC823061481}.AppStore|x86.Deploy.0 = Release|x86
		{98A4888F-7A8D-4821-9C60-5DC823061481}.Debug|Any CPU.ActiveCfg = Debug|x86
		{98A4888F-7A8D-4821-9C60-5DC823061481}.Debug|Any CPU.Build.0 = Debug|x86
		{98A4888F-7A8D-4821-9C60-5DC823061481}.Debug|Any CPU.Deploy.0 = Debug|x86
		{98A4888F-7A8D-4821-9C60-5DC823061481}.Debug|ARM.ActiveCfg = Debug|ARM
		{98A4888F-7A8D-4821-9C60-5DC823061481}.Debug|ARM.Build.0 = Debug|ARM
		{98A4888F-7A8D-4821-9C60-5DC823061481}.Debug|ARM.Deploy.0 = Debug|ARM
		{98A4888F-7A8D-4821-9C60-5DC823061481}.Debug|iPhone.ActiveCfg = Debug|x86
		{98A4888F-7A8D-4821-9C60-5DC823061481}.Debug|iPhoneSimulator.ActiveCfg = Debug|x86
		{98A4888F-7A8D-4821-9C60-5DC823061481}.Debug|x64.ActiveCfg = Debug|x64
		{98A4888F-7A8D-4821-9C60-5DC823061481}.Debug|x64.Build.0 = Debug|x64
		{98A4888F-7A8D-4821-9C60-5DC823061481}.Debug|x64.Deploy.0 = Debug|x64
		{98A4888F-7A8D-4821-9C60-5DC823061481}.Debug|x86.ActiveCfg = Debug|x86
		{98A4888F-7A8D-4821-9C60-5DC823061481}.Debug|x86.Build.0 = Debug|x86
		{98A4888F-7A8D-4821-9C60-5DC823061481}.Debug|x86.Deploy.0 = Debug|x86
		{98A4888F-7A8D-4821-9C60-5DC823061481}.Release|Any CPU.ActiveCfg = Release|x86
		{98A4888F-7A8D-4821-9C60-5DC823061481}.Release|ARM.ActiveCfg = Release|ARM
		{98A4888F-7A8D-4821-9C60-5DC823061481}.Release|ARM.Build.0 = Release|ARM
		{98A4888F-7A8D-4821-9C60-5DC823061481}.Release|ARM.Deploy.0 = Release|ARM
		{98A4888F-7A8D-4821-9C60-5DC823061481}.Release|iPhone.ActiveCfg = Release|x86
		{98A4888F-7A8D-4821-9C60-5DC823061481}.Release|iPhoneSimulator.ActiveCfg = Release|x86
		{98A4888F-7A8D-4821-9C60-5DC823061481}.Release|x64.ActiveCfg = Release|x64
		{98A4888F-7A8D-4821-9C60-5DC823061481}.Release|x64.Build.0 = Release|x64
		{98A4888F-7A8D-4821-9C60-5DC823061481}.Release|x64.Deploy.0 = Release|x64
		{98A4888F-7A8D-4821-9C60-5DC823061481}.Release|x86.ActiveCfg = Release|x86
		{98A4888F-7A8D-4821-9C60-5DC823061481}.Release|x86.Build.0 = Release|x86
		{98A4888F-7A8D-4821-9C60-5DC823061481}.Release|x86.Deploy.0 = Release|x86
	EndGlobalSection
	GlobalSection(SolutionProperties) = preSolution
		HideSolutionNode = FALSE
	EndGlobalSection
	GlobalSection(ExtensibilityGlobals) = postSolution
		SolutionGuid = {CB4E164D-F809-4319-BAB6-7372B337C530}
	EndGlobalSection
	GlobalSection(MonoDevelopProperties) = preSolution
		description = @- Pick menu from history works now.\n- OnOrientation change refresh page.\n- Bug in padding Settings view.\n- changed webClient to httpClient\n- No download sqlite databasefile\n
		version = 0.4
		Policies = $0
		$0.DotNetNamingPolicy = $1
		$0.StandardHeader = $2
		$0.NameConventionPolicy = $3
		$3.Rules = $4
		$4.NamingRule = $24
	EndGlobalSection
EndGlobal
